// !$*UTF8*$!
{
	archiveVersion = 1;
	classes = {
	};
	objectVersion = 55;
	objects = {

/* Begin PBXBuildFile section */
		9C71BBA9274CA963008DD6A8 /* PopUpViewController.swift in Sources */ = {isa = PBXBuildFile; fileRef = 9C71BBA8274CA963008DD6A8 /* PopUpViewController.swift */; };
		EE095C00274D1C3900B4928A /* RecentClothe.swift in Sources */ = {isa = PBXBuildFile; fileRef = EE095BFF274D1C3900B4928A /* RecentClothe.swift */; };
		EE095C02274D1DC800B4928A /* DataLoader.swift in Sources */ = {isa = PBXBuildFile; fileRef = EE095C01274D1DC800B4928A /* DataLoader.swift */; };
		EE095C04274D258A00B4928A /* recentData.json in Resources */ = {isa = PBXBuildFile; fileRef = EE095C03274D258A00B4928A /* recentData.json */; };
		EE095C06274D295400B4928A /* RecentClothesViewController.swift in Sources */ = {isa = PBXBuildFile; fileRef = EE095C05274D295400B4928A /* RecentClothesViewController.swift */; };
		EE095C08274D411D00B4928A /* newsData.json in Resources */ = {isa = PBXBuildFile; fileRef = EE095C07274D411D00B4928A /* newsData.json */; };
		EE095C0A274D414500B4928A /* NewsArticle.swift in Sources */ = {isa = PBXBuildFile; fileRef = EE095C09274D414500B4928A /* NewsArticle.swift */; };
		F520E2882738380F0017783F /* AppDelegate.swift in Sources */ = {isa = PBXBuildFile; fileRef = F520E2872738380F0017783F /* AppDelegate.swift */; };
		F520E28A2738380F0017783F /* SceneDelegate.swift in Sources */ = {isa = PBXBuildFile; fileRef = F520E2892738380F0017783F /* SceneDelegate.swift */; };
		F520E28C2738380F0017783F /* ViewController.swift in Sources */ = {isa = PBXBuildFile; fileRef = F520E28B2738380F0017783F /* ViewController.swift */; };
		F520E28F2738380F0017783F /* Main.storyboard in Resources */ = {isa = PBXBuildFile; fileRef = F520E28D2738380F0017783F /* Main.storyboard */; };
		F520E291273838110017783F /* Assets.xcassets in Resources */ = {isa = PBXBuildFile; fileRef = F520E290273838110017783F /* Assets.xcassets */; };
		F520E294273838110017783F /* LaunchScreen.storyboard in Resources */ = {isa = PBXBuildFile; fileRef = F520E292273838110017783F /* LaunchScreen.storyboard */; };
		F5E904A8274D35FF00B410F6 /* ViewItemViewController.swift in Sources */ = {isa = PBXBuildFile; fileRef = F5E904A7274D35FF00B410F6 /* ViewItemViewController.swift */; };
		F5E904AA274D518D00B410F6 /* ReviewsCollectionViewCell.swift in Sources */ = {isa = PBXBuildFile; fileRef = F5E904A9274D518C00B410F6 /* ReviewsCollectionViewCell.swift */; };
/* End PBXBuildFile section */

/* Begin PBXFileReference section */
		9C71BBA8274CA963008DD6A8 /* PopUpViewController.swift */ = {isa = PBXFileReference; lastKnownFileType = sourcecode.swift; path = PopUpViewController.swift; sourceTree = "<group>"; };
		EE095BFF274D1C3900B4928A /* RecentClothe.swift */ = {isa = PBXFileReference; lastKnownFileType = sourcecode.swift; path = RecentClothe.swift; sourceTree = "<group>"; };
		EE095C01274D1DC800B4928A /* DataLoader.swift */ = {isa = PBXFileReference; lastKnownFileType = sourcecode.swift; path = DataLoader.swift; sourceTree = "<group>"; };
		EE095C03274D258A00B4928A /* recentData.json */ = {isa = PBXFileReference; fileEncoding = 4; lastKnownFileType = text.json; name = recentData.json; path = Assets.xcassets/recentData.json; sourceTree = "<group>"; };
		EE095C05274D295400B4928A /* RecentClothesViewController.swift */ = {isa = PBXFileReference; lastKnownFileType = sourcecode.swift; path = RecentClothesViewController.swift; sourceTree = "<group>"; };
		EE095C07274D411D00B4928A /* newsData.json */ = {isa = PBXFileReference; fileEncoding = 4; lastKnownFileType = text.json; name = newsData.json; path = Assets.xcassets/newsData.json; sourceTree = "<group>"; };
		EE095C09274D414500B4928A /* NewsArticle.swift */ = {isa = PBXFileReference; lastKnownFileType = sourcecode.swift; path = NewsArticle.swift; sourceTree = "<group>"; };
		F520E2842738380F0017783F /* UIModaConsciente.app */ = {isa = PBXFileReference; explicitFileType = wrapper.application; includeInIndex = 0; path = UIModaConsciente.app; sourceTree = BUILT_PRODUCTS_DIR; };
		F520E2872738380F0017783F /* AppDelegate.swift */ = {isa = PBXFileReference; lastKnownFileType = sourcecode.swift; path = AppDelegate.swift; sourceTree = "<group>"; };
		F520E2892738380F0017783F /* SceneDelegate.swift */ = {isa = PBXFileReference; lastKnownFileType = sourcecode.swift; path = SceneDelegate.swift; sourceTree = "<group>"; };
		F520E28B2738380F0017783F /* ViewController.swift */ = {isa = PBXFileReference; lastKnownFileType = sourcecode.swift; path = ViewController.swift; sourceTree = "<group>"; };
		F520E28E2738380F0017783F /* Base */ = {isa = PBXFileReference; lastKnownFileType = file.storyboard; name = Base; path = Base.lproj/Main.storyboard; sourceTree = "<group>"; };
		F520E290273838110017783F /* Assets.xcassets */ = {isa = PBXFileReference; lastKnownFileType = folder.assetcatalog; path = Assets.xcassets; sourceTree = "<group>"; };
		F520E293273838110017783F /* Base */ = {isa = PBXFileReference; lastKnownFileType = file.storyboard; name = Base; path = Base.lproj/LaunchScreen.storyboard; sourceTree = "<group>"; };
		F520E295273838110017783F /* Info.plist */ = {isa = PBXFileReference; lastKnownFileType = text.plist.xml; path = Info.plist; sourceTree = "<group>"; };
		F5E904A7274D35FF00B410F6 /* ViewItemViewController.swift */ = {isa = PBXFileReference; lastKnownFileType = sourcecode.swift; path = ViewItemViewController.swift; sourceTree = "<group>"; };
		F5E904A9274D518C00B410F6 /* ReviewsCollectionViewCell.swift */ = {isa = PBXFileReference; lastKnownFileType = sourcecode.swift; path = ReviewsCollectionViewCell.swift; sourceTree = "<group>"; };
/* End PBXFileReference section */

/* Begin PBXFrameworksBuildPhase section */
		F520E2812738380F0017783F /* Frameworks */ = {
			isa = PBXFrameworksBuildPhase;
			buildActionMask = 2147483647;
			files = (
			);
			runOnlyForDeploymentPostprocessing = 0;
		};
/* End PBXFrameworksBuildPhase section */

/* Begin PBXGroup section */
		F520E27B2738380E0017783F = {
			isa = PBXGroup;
			children = (
				F520E2862738380F0017783F /* UIModaConsciente */,
				F520E2852738380F0017783F /* Products */,
			);
			sourceTree = "<group>";
		};
		F520E2852738380F0017783F /* Products */ = {
			isa = PBXGroup;
			children = (
				F520E2842738380F0017783F /* UIModaConsciente.app */,
			);
			name = Products;
			sourceTree = "<group>";
		};
		F520E2862738380F0017783F /* UIModaConsciente */ = {
			isa = PBXGroup;
			children = (
				EE095C01274D1DC800B4928A /* DataLoader.swift */,
				EE095C09274D414500B4928A /* NewsArticle.swift */,
				EE095BFF274D1C3900B4928A /* RecentClothe.swift */,
				EE095C03274D258A00B4928A /* recentData.json */,
				EE095C07274D411D00B4928A /* newsData.json */,
				F520E2872738380F0017783F /* AppDelegate.swift */,
				F520E2892738380F0017783F /* SceneDelegate.swift */,
				F520E28B2738380F0017783F /* ViewController.swift */,
				EE095C05274D295400B4928A /* RecentClothesViewController.swift */,
				9C71BBA8274CA963008DD6A8 /* PopUpViewController.swift */,
				F520E28D2738380F0017783F /* Main.storyboard */,
				F5E904A9274D518C00B410F6 /* ReviewsCollectionViewCell.swift */,
				F5E904A7274D35FF00B410F6 /* ViewItemViewController.swift */,
				F520E290273838110017783F /* Assets.xcassets */,
				F520E292273838110017783F /* LaunchScreen.storyboard */,
				F520E295273838110017783F /* Info.plist */,
			);
			path = UIModaConsciente;
			sourceTree = "<group>";
		};
/* End PBXGroup section */

/* Begin PBXNativeTarget section */
		F520E2832738380F0017783F /* UIModaConsciente */ = {
			isa = PBXNativeTarget;
			buildConfigurationList = F520E298273838110017783F /* Build configuration list for PBXNativeTarget "UIModaConsciente" */;
			buildPhases = (
				F520E2802738380F0017783F /* Sources */,
				F520E2812738380F0017783F /* Frameworks */,
				F520E2822738380F0017783F /* Resources */,
			);
			buildRules = (
			);
			dependencies = (
			);
			name = UIModaConsciente;
			productName = UIModaConsciente;
			productReference = F520E2842738380F0017783F /* UIModaConsciente.app */;
			productType = "com.apple.product-type.application";
		};
/* End PBXNativeTarget section */

/* Begin PBXProject section */
		F520E27C2738380E0017783F /* Project object */ = {
			isa = PBXProject;
			attributes = {
				BuildIndependentTargetsInParallel = 1;
				LastSwiftUpdateCheck = 1300;
				LastUpgradeCheck = 1300;
				TargetAttributes = {
					F520E2832738380F0017783F = {
						CreatedOnToolsVersion = 13.0;
					};
				};
			};
			buildConfigurationList = F520E27F2738380E0017783F /* Build configuration list for PBXProject "UIModaConsciente" */;
			compatibilityVersion = "Xcode 13.0";
			developmentRegion = en;
			hasScannedForEncodings = 0;
			knownRegions = (
				en,
				Base,
			);
			mainGroup = F520E27B2738380E0017783F;
			productRefGroup = F520E2852738380F0017783F /* Products */;
			projectDirPath = "";
			projectRoot = "";
			targets = (
				F520E2832738380F0017783F /* UIModaConsciente */,
			);
		};
/* End PBXProject section */

/* Begin PBXResourcesBuildPhase section */
		F520E2822738380F0017783F /* Resources */ = {
			isa = PBXResourcesBuildPhase;
			buildActionMask = 2147483647;
			files = (
				EE095C04274D258A00B4928A /* recentData.json in Resources */,
				F520E294273838110017783F /* LaunchScreen.storyboard in Resources */,
				F520E291273838110017783F /* Assets.xcassets in Resources */,
				F520E28F2738380F0017783F /* Main.storyboard in Resources */,
				EE095C08274D411D00B4928A /* newsData.json in Resources */,
			);
			runOnlyForDeploymentPostprocessing = 0;
		};
/* End PBXResourcesBuildPhase section */

/* Begin PBXSourcesBuildPhase section */
		F520E2802738380F0017783F /* Sources */ = {
			isa = PBXSourcesBuildPhase;
			buildActionMask = 2147483647;
			files = (
				EE095C0A274D414500B4928A /* NewsArticle.swift in Sources */,
				EE095C02274D1DC800B4928A /* DataLoader.swift in Sources */,
				F5E904A8274D35FF00B410F6 /* ViewItemViewController.swift in Sources */,
				F520E28C2738380F0017783F /* ViewController.swift in Sources */,
				EE095C06274D295400B4928A /* RecentClothesViewController.swift in Sources */,
				EE095C00274D1C3900B4928A /* RecentClothe.swift in Sources */,
				F520E2882738380F0017783F /* AppDelegate.swift in Sources */,
				F5E904AA274D518D00B410F6 /* ReviewsCollectionViewCell.swift in Sources */,
				F520E28A2738380F0017783F /* SceneDelegate.swift in Sources */,
				9C71BBA9274CA963008DD6A8 /* PopUpViewController.swift in Sources */,
			);
			runOnlyForDeploymentPostprocessing = 0;
		};
/* End PBXSourcesBuildPhase section */

/* Begin PBXVariantGroup section */
		F520E28D2738380F0017783F /* Main.storyboard */ = {
			isa = PBXVariantGroup;
			children = (
				F520E28E2738380F0017783F /* Base */,
			);
			name = Main.storyboard;
			sourceTree = "<group>";
		};
		F520E292273838110017783F /* LaunchScreen.storyboard */ = {
			isa = PBXVariantGroup;
			children = (
				F520E293273838110017783F /* Base */,
			);
			name = LaunchScreen.storyboard;
			sourceTree = "<group>";
		};
/* End PBXVariantGroup section */

/* Begin XCBuildConfiguration section */
		F520E296273838110017783F /* Debug */ = {
			isa = XCBuildConfiguration;
			buildSettings = {
				ALWAYS_SEARCH_USER_PATHS = NO;
				CLANG_ANALYZER_NONNULL = YES;
				CLANG_ANALYZER_NUMBER_OBJECT_CONVERSION = YES_AGGRESSIVE;
				CLANG_CXX_LANGUAGE_STANDARD = "gnu++17";
				CLANG_CXX_LIBRARY = "libc++";
				CLANG_ENABLE_MODULES = YES;
				CLANG_ENABLE_OBJC_ARC = YES;
				CLANG_ENABLE_OBJC_WEAK = YES;
				CLANG_WARN_BLOCK_CAPTURE_AUTORELEASING = YES;
				CLANG_WARN_BOOL_CONVERSION = YES;
				CLANG_WARN_COMMA = YES;
				CLANG_WARN_CONSTANT_CONVERSION = YES;
				CLANG_WARN_DEPRECATED_OBJC_IMPLEMENTATIONS = YES;
				CLANG_WARN_DIRECT_OBJC_ISA_USAGE = YES_ERROR;
				CLANG_WARN_DOCUMENTATION_COMMENTS = YES;
				CLANG_WARN_EMPTY_BODY = YES;
				CLANG_WARN_ENUM_CONVERSION = YES;
				CLANG_WARN_INFINITE_RECURSION = YES;
				CLANG_WARN_INT_CONVERSION = YES;
				CLANG_WARN_NON_LITERAL_NULL_CONVERSION = YES;
				CLANG_WARN_OBJC_IMPLICIT_RETAIN_SELF = YES;
				CLANG_WARN_OBJC_LITERAL_CONVERSION = YES;
				CLANG_WARN_OBJC_ROOT_CLASS = YES_ERROR;
				CLANG_WARN_QUOTED_INCLUDE_IN_FRAMEWORK_HEADER = YES;
				CLANG_WARN_RANGE_LOOP_ANALYSIS = YES;
				CLANG_WARN_STRICT_PROTOTYPES = YES;
				CLANG_WARN_SUSPICIOUS_MOVE = YES;
				CLANG_WARN_UNGUARDED_AVAILABILITY = YES_AGGRESSIVE;
				CLANG_WARN_UNREACHABLE_CODE = YES;
				CLANG_WARN__DUPLICATE_METHOD_MATCH = YES;
				COPY_PHASE_STRIP = NO;
				DEBUG_INFORMATION_FORMAT = dwarf;
				ENABLE_STRICT_OBJC_MSGSEND = YES;
				ENABLE_TESTABILITY = YES;
				GCC_C_LANGUAGE_STANDARD = gnu11;
				GCC_DYNAMIC_NO_PIC = NO;
				GCC_NO_COMMON_BLOCKS = YES;
				GCC_OPTIMIZATION_LEVEL = 0;
				GCC_PREPROCESSOR_DEFINITIONS = (
					"DEBUG=1",
					"$(inherited)",
				);
				GCC_WARN_64_TO_32_BIT_CONVERSION = YES;
				GCC_WARN_ABOUT_RETURN_TYPE = YES_ERROR;
				GCC_WARN_UNDECLARED_SELECTOR = YES;
				GCC_WARN_UNINITIALIZED_AUTOS = YES_AGGRESSIVE;
				GCC_WARN_UNUSED_FUNCTION = YES;
				GCC_WARN_UNUSED_VARIABLE = YES;
				IPHONEOS_DEPLOYMENT_TARGET = 15.0;
				MTL_ENABLE_DEBUG_INFO = INCLUDE_SOURCE;
				MTL_FAST_MATH = YES;
				ONLY_ACTIVE_ARCH = YES;
				SDKROOT = iphoneos;
				SWIFT_ACTIVE_COMPILATION_CONDITIONS = DEBUG;
				SWIFT_OPTIMIZATION_LEVEL = "-Onone";
			};
			name = Debug;
		};
		F520E297273838110017783F /* Release */ = {
			isa = XCBuildConfiguration;
			buildSettings = {
				ALWAYS_SEARCH_USER_PATHS = NO;
				CLANG_ANALYZER_NONNULL = YES;
				CLANG_ANALYZER_NUMBER_OBJECT_CONVERSION = YES_AGGRESSIVE;
				CLANG_CXX_LANGUAGE_STANDARD = "gnu++17";
				CLANG_CXX_LIBRARY = "libc++";
				CLANG_ENABLE_MODULES = YES;
				CLANG_ENABLE_OBJC_ARC = YES;
				CLANG_ENABLE_OBJC_WEAK = YES;
				CLANG_WARN_BLOCK_CAPTURE_AUTORELEASING = YES;
				CLANG_WARN_BOOL_CONVERSION = YES;
				CLANG_WARN_COMMA = YES;
				CLANG_WARN_CONSTANT_CONVERSION = YES;
				CLANG_WARN_DEPRECATED_OBJC_IMPLEMENTATIONS = YES;
				CLANG_WARN_DIRECT_OBJC_ISA_USAGE = YES_ERROR;
				CLANG_WARN_DOCUMENTATION_COMMENTS = YES;
				CLANG_WARN_EMPTY_BODY = YES;
				CLANG_WARN_ENUM_CONVERSION = YES;
				CLANG_WARN_INFINITE_RECURSION = YES;
				CLANG_WARN_INT_CONVERSION = YES;
				CLANG_WARN_NON_LITERAL_NULL_CONVERSION = YES;
				CLANG_WARN_OBJC_IMPLICIT_RETAIN_SELF = YES;
				CLANG_WARN_OBJC_LITERAL_CONVERSION = YES;
				CLANG_WARN_OBJC_ROOT_CLASS = YES_ERROR;
				CLANG_WARN_QUOTED_INCLUDE_IN_FRAMEWORK_HEADER = YES;
				CLANG_WARN_RANGE_LOOP_ANALYSIS = YES;
				CLANG_WARN_STRICT_PROTOTYPES = YES;
				CLANG_WARN_SUSPICIOUS_MOVE = YES;
				CLANG_WARN_UNGUARDED_AVAILABILITY = YES_AGGRESSIVE;
				CLANG_WARN_UNREACHABLE_CODE = YES;
				CLANG_WARN__DUPLICATE_METHOD_MATCH = YES;
				COPY_PHASE_STRIP = NO;
				DEBUG_INFORMATION_FORMAT = "dwarf-with-dsym";
				ENABLE_NS_ASSERTIONS = NO;
				ENABLE_STRICT_OBJC_MSGSEND = YES;
				GCC_C_LANGUAGE_STANDARD = gnu11;
				GCC_NO_COMMON_BLOCKS = YES;
				GCC_WARN_64_TO_32_BIT_CONVERSION = YES;
				GCC_WARN_ABOUT_RETURN_TYPE = YES_ERROR;
				GCC_WARN_UNDECLARED_SELECTOR = YES;
				GCC_WARN_UNINITIALIZED_AUTOS = YES_AGGRESSIVE;
				GCC_WARN_UNUSED_FUNCTION = YES;
				GCC_WARN_UNUSED_VARIABLE = YES;
				IPHONEOS_DEPLOYMENT_TARGET = 15.0;
				MTL_ENABLE_DEBUG_INFO = NO;
				MTL_FAST_MATH = YES;
				SDKROOT = iphoneos;
				SWIFT_COMPILATION_MODE = wholemodule;
				SWIFT_OPTIMIZATION_LEVEL = "-O";
				VALIDATE_PRODUCT = YES;
			};
			name = Release;
		};
		F520E299273838110017783F /* Debug */ = {
			isa = XCBuildConfiguration;
			buildSettings = {
				ASSETCATALOG_COMPILER_APPICON_NAME = AppIcon;
				ASSETCATALOG_COMPILER_GLOBAL_ACCENT_COLOR_NAME = AccentColor;
				CODE_SIGN_STYLE = Automatic;
				CURRENT_PROJECT_VERSION = 1;
				DEVELOPMENT_TEAM = 9Y6ZNQD445;
				GENERATE_INFOPLIST_FILE = YES;
				INFOPLIST_FILE = UIModaConsciente/Info.plist;
				INFOPLIST_KEY_UIApplicationSupportsIndirectInputEvents = YES;
				INFOPLIST_KEY_UILaunchStoryboardName = LaunchScreen;
				INFOPLIST_KEY_UIMainStoryboardFile = Main;
				INFOPLIST_KEY_UISupportedInterfaceOrientations_iPad = "UIInterfaceOrientationPortrait UIInterfaceOrientationPortraitUpsideDown UIInterfaceOrientationLandscapeLeft UIInterfaceOrientationLandscapeRight";
				INFOPLIST_KEY_UISupportedInterfaceOrientations_iPhone = "UIInterfaceOrientationPortrait UIInterfaceOrientationLandscapeLeft UIInterfaceOrientationLandscapeRight";
				IPHONEOS_DEPLOYMENT_TARGET = 15.0;
				LD_RUNPATH_SEARCH_PATHS = (
					"$(inherited)",
					"@executable_path/Frameworks",
				);
				MARKETING_VERSION = 1.0;
				PRODUCT_BUNDLE_IDENTIFIER = ufpe.academy.UIModaConsciente;
				PRODUCT_NAME = "$(TARGET_NAME)";
				SWIFT_EMIT_LOC_STRINGS = YES;
				SWIFT_VERSION = 5.0;
				TARGETED_DEVICE_FAMILY = "1,2";
			};
			name = Debug;
		};
		F520E29A273838110017783F /* Release */ = {
			isa = XCBuildConfiguration;
			buildSettings = {
				ASSETCATALOG_COMPILER_APPICON_NAME = AppIcon;
				ASSETCATALOG_COMPILER_GLOBAL_ACCENT_COLOR_NAME = AccentColor;
				CODE_SIGN_STYLE = Automatic;
				CURRENT_PROJECT_VERSION = 1;
				DEVELOPMENT_TEAM = 9Y6ZNQD445;
				GENERATE_INFOPLIST_FILE = YES;
				INFOPLIST_FILE = UIModaConsciente/Info.plist;
				INFOPLIST_KEY_UIApplicationSupportsIndirectInputEvents = YES;
				INFOPLIST_KEY_UILaunchStoryboardName = LaunchScreen;
				INFOPLIST_KEY_UIMainStoryboardFile = Main;
				INFOPLIST_KEY_UISupportedInterfaceOrientations_iPad = "UIInterfaceOrientationPortrait UIInterfaceOrientationPortraitUpsideDown UIInterfaceOrientationLandscapeLeft UIInterfaceOrientationLandscapeRight";
				INFOPLIST_KEY_UISupportedInterfaceOrientations_iPhone = "UIInterfaceOrientationPortrait UIInterfaceOrientationLandscapeLeft UIInterfaceOrientationLandscapeRight";
				IPHONEOS_DEPLOYMENT_TARGET = 15.0;
				LD_RUNPATH_SEARCH_PATHS = (
					"$(inherited)",
					"@executable_path/Frameworks",
				);
				MARKETING_VERSION = 1.0;
				PRODUCT_BUNDLE_IDENTIFIER = ufpe.academy.UIModaConsciente;
				PRODUCT_NAME = "$(TARGET_NAME)";
				SWIFT_EMIT_LOC_STRINGS = YES;
				SWIFT_VERSION = 5.0;
				TARGETED_DEVICE_FAMILY = "1,2";
			};
			name = Release;
		};
/* End XCBuildConfiguration section */

/* Begin XCConfigurationList section */
		F520E27F2738380E0017783F /* Build configuration list for PBXProject "UIModaConsciente" */ = {
			isa = XCConfigurationList;
			buildConfigurations = (
				F520E296273838110017783F /* Debug */,
				F520E297273838110017783F /* Release */,
			);
			defaultConfigurationIsVisible = 0;
			defaultConfigurationName = Release;
		};
		F520E298273838110017783F /* Build configuration list for PBXNativeTarget "UIModaConsciente" */ = {
			isa = XCConfigurationList;
			buildConfigurations = (
				F520E299273838110017783F /* Debug */,
				F520E29A273838110017783F /* Release */,
			);
			defaultConfigurationIsVisible = 0;
			defaultConfigurationName = Release;
		};
/* End XCConfigurationList section */
	};
	rootObject = F520E27C2738380E0017783F /* Project object */;
}
